// !$*UTF8*$!
{
	archiveVersion = 1;
	classes = {
	};
	objectVersion = 48;
	objects = {

/* Begin PBXBuildFile section */
		4708BFF11FE42F30006F1F84 /* LearnoKidsUITest.swift in Sources */ = {isa = PBXBuildFile; fileRef = 4708BFF01FE42F30006F1F84 /* LearnoKidsUITest.swift */; };
		470A11FA1F9A4B0C00DE6AC6 /* MenuViewController.swift in Sources */ = {isa = PBXBuildFile; fileRef = 470A11F91F9A4B0C00DE6AC6 /* MenuViewController.swift */; };
		471ED3421FD06E5200AFA6C4 /* AdPreview.swift in Sources */ = {isa = PBXBuildFile; fileRef = 471ED3411FD06E5200AFA6C4 /* AdPreview.swift */; };
		4732DB701FB3602700948723 /* Animals.json in Resources */ = {isa = PBXBuildFile; fileRef = 4732DB721FB3602700948723 /* Animals.json */; };
		4733457E1FB2A23B00FF1BA3 /* CategoryViewController.swift in Sources */ = {isa = PBXBuildFile; fileRef = 4733457D1FB2A23B00FF1BA3 /* CategoryViewController.swift */; };
		4733CB281FDEF02E003C51A8 /* ViewController.swift in Sources */ = {isa = PBXBuildFile; fileRef = 4733CB271FDEF02E003C51A8 /* ViewController.swift */; };
		4738D4A71FBB571200374CAD /* Category.json in Resources */ = {isa = PBXBuildFile; fileRef = 4738D4A51FBB571200374CAD /* Category.json */; };
		47CB28CC1FD9ACF2000F7E85 /* GoogleMobileAds.framework in Frameworks */ = {isa = PBXBuildFile; fileRef = 47CB28CB1FD9ACF2000F7E85 /* GoogleMobileAds.framework */; };
		47E61AB71FC8610E0025DDDC /* LaunchScreen.storyboard in Resources */ = {isa = PBXBuildFile; fileRef = 47E61AB51FC8610E0025DDDC /* LaunchScreen.storyboard */; };
		47E61ABE1FC870140025DDDC /* Vehicles.json in Resources */ = {isa = PBXBuildFile; fileRef = 47E61AB81FC870130025DDDC /* Vehicles.json */; };
		47E61ABF1FC870140025DDDC /* Alphabets.json in Resources */ = {isa = PBXBuildFile; fileRef = 47E61ABA1FC870130025DDDC /* Alphabets.json */; };
		47E61AC01FC870140025DDDC /* Numbers.json in Resources */ = {isa = PBXBuildFile; fileRef = 47E61ABC1FC870140025DDDC /* Numbers.json */; };
		47E61ACD1FC871030025DDDC /* Four.mp3 in Resources */ = {isa = PBXBuildFile; fileRef = 47E61AC31FC871020025DDDC /* Four.mp3 */; };
		47E61ACE1FC871030025DDDC /* Five.mp3 in Resources */ = {isa = PBXBuildFile; fileRef = 47E61AC41FC871020025DDDC /* Five.mp3 */; };
		47E61ACF1FC871030025DDDC /* Two.mp3 in Resources */ = {isa = PBXBuildFile; fileRef = 47E61AC51FC871030025DDDC /* Two.mp3 */; };
		47E61AD01FC871030025DDDC /* Six.mp3 in Resources */ = {isa = PBXBuildFile; fileRef = 47E61AC61FC871030025DDDC /* Six.mp3 */; };
		47E61AD11FC871030025DDDC /* Eight.mp3 in Resources */ = {isa = PBXBuildFile; fileRef = 47E61AC71FC871030025DDDC /* Eight.mp3 */; };
		47E61AD21FC871030025DDDC /* One.mp3 in Resources */ = {isa = PBXBuildFile; fileRef = 47E61AC81FC871030025DDDC /* One.mp3 */; };
		47E61AD31FC871030025DDDC /* Ten.mp3 in Resources */ = {isa = PBXBuildFile; fileRef = 47E61AC91FC871030025DDDC /* Ten.mp3 */; };
		47E61AD41FC871030025DDDC /* Three.mp3 in Resources */ = {isa = PBXBuildFile; fileRef = 47E61ACA1FC871030025DDDC /* Three.mp3 */; };
		47E61AD51FC871030025DDDC /* Seven.mp3 in Resources */ = {isa = PBXBuildFile; fileRef = 47E61ACB1FC871030025DDDC /* Seven.mp3 */; };
		47E61AD61FC871030025DDDC /* Nine.mp3 in Resources */ = {isa = PBXBuildFile; fileRef = 47E61ACC1FC871030025DDDC /* Nine.mp3 */; };
		47E61AF11FC871180025DDDC /* I.mp3 in Resources */ = {isa = PBXBuildFile; fileRef = 47E61AD71FC871140025DDDC /* I.mp3 */; };
		47E61AF21FC871180025DDDC /* G.mp3 in Resources */ = {isa = PBXBuildFile; fileRef = 47E61AD81FC871140025DDDC /* G.mp3 */; };
		47E61AF31FC871180025DDDC /* A.mp3 in Resources */ = {isa = PBXBuildFile; fileRef = 47E61AD91FC871140025DDDC /* A.mp3 */; };
		47E61AF41FC871180025DDDC /* K.mp3 in Resources */ = {isa = PBXBuildFile; fileRef = 47E61ADA1FC871140025DDDC /* K.mp3 */; };
		47E61AF51FC871180025DDDC /* X.mp3 in Resources */ = {isa = PBXBuildFile; fileRef = 47E61ADB1FC871140025DDDC /* X.mp3 */; };
		47E61AF61FC871180025DDDC /* E.mp3 in Resources */ = {isa = PBXBuildFile; fileRef = 47E61ADC1FC871140025DDDC /* E.mp3 */; };
		47E61AF71FC871180025DDDC /* Y.mp3 in Resources */ = {isa = PBXBuildFile; fileRef = 47E61ADD1FC871140025DDDC /* Y.mp3 */; };
		47E61AF81FC871180025DDDC /* H.mp3 in Resources */ = {isa = PBXBuildFile; fileRef = 47E61ADE1FC871140025DDDC /* H.mp3 */; };
		47E61AF91FC871180025DDDC /* T.mp3 in Resources */ = {isa = PBXBuildFile; fileRef = 47E61ADF1FC871150025DDDC /* T.mp3 */; };
		47E61AFA1FC871180025DDDC /* F.mp3 in Resources */ = {isa = PBXBuildFile; fileRef = 47E61AE01FC871150025DDDC /* F.mp3 */; };
		47E61AFB1FC871180025DDDC /* S.mp3 in Resources */ = {isa = PBXBuildFile; fileRef = 47E61AE11FC871150025DDDC /* S.mp3 */; };
		47E61AFC1FC871180025DDDC /* D.mp3 in Resources */ = {isa = PBXBuildFile; fileRef = 47E61AE21FC871150025DDDC /* D.mp3 */; };
		47E61AFD1FC871180025DDDC /* Q.mp3 in Resources */ = {isa = PBXBuildFile; fileRef = 47E61AE31FC871150025DDDC /* Q.mp3 */; };
		47E61AFE1FC871180025DDDC /* N.mp3 in Resources */ = {isa = PBXBuildFile; fileRef = 47E61AE41FC871150025DDDC /* N.mp3 */; };
		47E61AFF1FC871180025DDDC /* V.mp3 in Resources */ = {isa = PBXBuildFile; fileRef = 47E61AE51FC871160025DDDC /* V.mp3 */; };
		47E61B001FC871180025DDDC /* B.mp3 in Resources */ = {isa = PBXBuildFile; fileRef = 47E61AE61FC871160025DDDC /* B.mp3 */; };
		47E61B011FC871180025DDDC /* W.mp3 in Resources */ = {isa = PBXBuildFile; fileRef = 47E61AE71FC871160025DDDC /* W.mp3 */; };
		47E61B021FC871180025DDDC /* M.mp3 in Resources */ = {isa = PBXBuildFile; fileRef = 47E61AE81FC871160025DDDC /* M.mp3 */; };
		47E61B031FC871180025DDDC /* C.mp3 in Resources */ = {isa = PBXBuildFile; fileRef = 47E61AE91FC871170025DDDC /* C.mp3 */; };
		47E61B041FC871180025DDDC /* R.mp3 in Resources */ = {isa = PBXBuildFile; fileRef = 47E61AEA1FC871170025DDDC /* R.mp3 */; };
		47E61B051FC871180025DDDC /* J.mp3 in Resources */ = {isa = PBXBuildFile; fileRef = 47E61AEB1FC871170025DDDC /* J.mp3 */; };
		47E61B061FC871180025DDDC /* L.mp3 in Resources */ = {isa = PBXBuildFile; fileRef = 47E61AEC1FC871170025DDDC /* L.mp3 */; };
		47E61B071FC871180025DDDC /* O.mp3 in Resources */ = {isa = PBXBuildFile; fileRef = 47E61AED1FC871170025DDDC /* O.mp3 */; };
		47E61B081FC871180025DDDC /* Z.mp3 in Resources */ = {isa = PBXBuildFile; fileRef = 47E61AEE1FC871170025DDDC /* Z.mp3 */; };
		47E61B091FC871180025DDDC /* U.mp3 in Resources */ = {isa = PBXBuildFile; fileRef = 47E61AEF1FC871180025DDDC /* U.mp3 */; };
		47E61B0A1FC871180025DDDC /* P.mp3 in Resources */ = {isa = PBXBuildFile; fileRef = 47E61AF01FC871180025DDDC /* P.mp3 */; };
		47E61B151FC871280025DDDC /* fox.mp3 in Resources */ = {isa = PBXBuildFile; fileRef = 47E61B0B1FC871260025DDDC /* fox.mp3 */; };
		47E61B161FC871280025DDDC /* snake.mp3 in Resources */ = {isa = PBXBuildFile; fileRef = 47E61B0C1FC871260025DDDC /* snake.mp3 */; };
		47E61B171FC871280025DDDC /* squirrel.mp3 in Resources */ = {isa = PBXBuildFile; fileRef = 47E61B0D1FC871260025DDDC /* squirrel.mp3 */; };
		47E61B181FC871280025DDDC /* rabbit.mp3 in Resources */ = {isa = PBXBuildFile; fileRef = 47E61B0E1FC871260025DDDC /* rabbit.mp3 */; };
		47E61B191FC871280025DDDC /* buckdear.mp3 in Resources */ = {isa = PBXBuildFile; fileRef = 47E61B0F1FC871270025DDDC /* buckdear.mp3 */; };
		47E61B1A1FC871280025DDDC /* duck.mp3 in Resources */ = {isa = PBXBuildFile; fileRef = 47E61B101FC871270025DDDC /* duck.mp3 */; };
		47E61B1B1FC871280025DDDC /* raccoon.mp3 in Resources */ = {isa = PBXBuildFile; fileRef = 47E61B111FC871270025DDDC /* raccoon.mp3 */; };
		47E61B1C1FC871280025DDDC /* doedear.mp3 in Resources */ = {isa = PBXBuildFile; fileRef = 47E61B121FC871270025DDDC /* doedear.mp3 */; };
		47E61B1D1FC871280025DDDC /* beaver.mp3 in Resources */ = {isa = PBXBuildFile; fileRef = 47E61B131FC871270025DDDC /* beaver.mp3 */; };
		47E61B1E1FC871280025DDDC /* bear.mp3 in Resources */ = {isa = PBXBuildFile; fileRef = 47E61B141FC871280025DDDC /* bear.mp3 */; };
		47E61B291FC8713F0025DDDC /* kiwi.mp3 in Resources */ = {isa = PBXBuildFile; fileRef = 47E61B1F1FC8713D0025DDDC /* kiwi.mp3 */; };
		47E61B2A1FC8713F0025DDDC /* pear.mp3 in Resources */ = {isa = PBXBuildFile; fileRef = 47E61B201FC8713D0025DDDC /* pear.mp3 */; };
		47E61B2B1FC8713F0025DDDC /* watermelon.mp3 in Resources */ = {isa = PBXBuildFile; fileRef = 47E61B211FC8713D0025DDDC /* watermelon.mp3 */; };
		47E61B2C1FC8713F0025DDDC /* papaya.mp3 in Resources */ = {isa = PBXBuildFile; fileRef = 47E61B221FC8713E0025DDDC /* papaya.mp3 */; };
		47E61B2D1FC8713F0025DDDC /* coconut.mp3 in Resources */ = {isa = PBXBuildFile; fileRef = 47E61B231FC8713E0025DDDC /* coconut.mp3 */; };
		47E61B2E1FC8713F0025DDDC /* apple.mp3 in Resources */ = {isa = PBXBuildFile; fileRef = 47E61B241FC8713E0025DDDC /* apple.mp3 */; };
		47E61B2F1FC8713F0025DDDC /* banana.mp3 in Resources */ = {isa = PBXBuildFile; fileRef = 47E61B251FC8713E0025DDDC /* banana.mp3 */; };
		47E61B301FC8713F0025DDDC /* grapes.mp3 in Resources */ = {isa = PBXBuildFile; fileRef = 47E61B261FC8713F0025DDDC /* grapes.mp3 */; };
		47E61B311FC8713F0025DDDC /* orange.mp3 in Resources */ = {isa = PBXBuildFile; fileRef = 47E61B271FC8713F0025DDDC /* orange.mp3 */; };
		47E61B321FC8713F0025DDDC /* peach.mp3 in Resources */ = {isa = PBXBuildFile; fileRef = 47E61B281FC8713F0025DDDC /* peach.mp3 */; };
		47E61B3D1FC871570025DDDC /* Ship.mp3 in Resources */ = {isa = PBXBuildFile; fileRef = 47E61B331FC871540025DDDC /* Ship.mp3 */; };
		47E61B3E1FC871570025DDDC /* Car.mp3 in Resources */ = {isa = PBXBuildFile; fileRef = 47E61B341FC871540025DDDC /* Car.mp3 */; };
		47E61B3F1FC871570025DDDC /* Plane.mp3 in Resources */ = {isa = PBXBuildFile; fileRef = 47E61B351FC871550025DDDC /* Plane.mp3 */; };
		47E61B401FC871570025DDDC /* Train.mp3 in Resources */ = {isa = PBXBuildFile; fileRef = 47E61B361FC871550025DDDC /* Train.mp3 */; };
		47E61B411FC871570025DDDC /* Cycle.mp3 in Resources */ = {isa = PBXBuildFile; fileRef = 47E61B371FC871550025DDDC /* Cycle.mp3 */; };
		47E61B421FC871570025DDDC /* Helicopter.mp3 in Resources */ = {isa = PBXBuildFile; fileRef = 47E61B381FC871550025DDDC /* Helicopter.mp3 */; };
		47E61B431FC871570025DDDC /* Bus.mp3 in Resources */ = {isa = PBXBuildFile; fileRef = 47E61B391FC871550025DDDC /* Bus.mp3 */; };
		47E61B441FC871570025DDDC /* Ambulance.mp3 in Resources */ = {isa = PBXBuildFile; fileRef = 47E61B3A1FC871560025DDDC /* Ambulance.mp3 */; };
		47E61B451FC871570025DDDC /* Jeep.mp3 in Resources */ = {isa = PBXBuildFile; fileRef = 47E61B3B1FC871560025DDDC /* Jeep.mp3 */; };
		47E61B461FC871570025DDDC /* Scooter.mp3 in Resources */ = {isa = PBXBuildFile; fileRef = 47E61B3C1FC871560025DDDC /* Scooter.mp3 */; };
		47FF01D61F98809E00B92591 /* CustomImageFlowLayout.swift in Sources */ = {isa = PBXBuildFile; fileRef = 47FF01D51F98809E00B92591 /* CustomImageFlowLayout.swift */; };
		47FFA7C01F964B3400597789 /* FLowerViewController.swift in Sources */ = {isa = PBXBuildFile; fileRef = 47FFA7BF1F964B3400597789 /* FLowerViewController.swift */; };
		9819C3411FA9B91800641833 /* Fruits.json in Resources */ = {isa = PBXBuildFile; fileRef = 9819C3431FA9B91800641833 /* Fruits.json */; };
		984C262B1F7F7FC600BA16DD /* AppDelegate.swift in Sources */ = {isa = PBXBuildFile; fileRef = 984C262A1F7F7FC600BA16DD /* AppDelegate.swift */; };
		984C262D1F7F7FC600BA16DD /* Constants.swift in Sources */ = {isa = PBXBuildFile; fileRef = 984C262C1F7F7FC600BA16DD /* Constants.swift */; };
		984C26301F7F7FC600BA16DD /* Main.storyboard in Resources */ = {isa = PBXBuildFile; fileRef = 984C262E1F7F7FC600BA16DD /* Main.storyboard */; };
		984C26321F7F7FC700BA16DD /* Assets.xcassets in Resources */ = {isa = PBXBuildFile; fileRef = 984C26311F7F7FC700BA16DD /* Assets.xcassets */; };
/* End PBXBuildFile section */

/* Begin PBXContainerItemProxy section */
		4708BFF31FE42F30006F1F84 /* PBXContainerItemProxy */ = {
			isa = PBXContainerItemProxy;
			containerPortal = 984C261F1F7F7FC600BA16DD /* Project object */;
			proxyType = 1;
			remoteGlobalIDString = 984C26261F7F7FC600BA16DD;
			remoteInfo = LearnoKids;
		};
		984C263C1F7F7FC700BA16DD /* PBXContainerItemProxy */ = {
			isa = PBXContainerItemProxy;
			containerPortal = 984C261F1F7F7FC600BA16DD /* Project object */;
			proxyType = 1;
			remoteGlobalIDString = 984C26261F7F7FC600BA16DD;
			remoteInfo = simpleUIWithStoryboard;
		};
		984C26471F7F7FC700BA16DD /* PBXContainerItemProxy */ = {
			isa = PBXContainerItemProxy;
			containerPortal = 984C261F1F7F7FC600BA16DD /* Project object */;
			proxyType = 1;
			remoteGlobalIDString = 984C26261F7F7FC600BA16DD;
			remoteInfo = simpleUIWithStoryboard;
		};
/* End PBXContainerItemProxy section */

/* Begin PBXFileReference section */
		4708BFEE1FE42F30006F1F84 /* LearnoKidsUITest.xctest */ = {isa = PBXFileReference; explicitFileType = wrapper.cfbundle; includeInIndex = 0; path = LearnoKidsUITest.xctest; sourceTree = BUILT_PRODUCTS_DIR; };
		4708BFF01FE42F30006F1F84 /* LearnoKidsUITest.swift */ = {isa = PBXFileReference; lastKnownFileType = sourcecode.swift; path = LearnoKidsUITest.swift; sourceTree = "<group>"; };
		4708BFF21FE42F30006F1F84 /* Info.plist */ = {isa = PBXFileReference; lastKnownFileType = text.plist.xml; path = Info.plist; sourceTree = "<group>"; };
		470A11F91F9A4B0C00DE6AC6 /* MenuViewController.swift */ = {isa = PBXFileReference; lastKnownFileType = sourcecode.swift; path = MenuViewController.swift; sourceTree = "<group>"; };
		471ED3411FD06E5200AFA6C4 /* AdPreview.swift */ = {isa = PBXFileReference; lastKnownFileType = sourcecode.swift; path = AdPreview.swift; sourceTree = "<group>"; };
		4732DB751FB360B200948723 /* Base */ = {isa = PBXFileReference; lastKnownFileType = text.json; name = Base; path = Base.lproj/Fruits.json; sourceTree = "<group>"; };
		4732DB761FB3623F00948723 /* Base */ = {isa = PBXFileReference; lastKnownFileType = text.json; name = Base; path = Base.lproj/Animals.json; sourceTree = "<group>"; };
		4733457D1FB2A23B00FF1BA3 /* CategoryViewController.swift */ = {isa = PBXFileReference; lastKnownFileType = sourcecode.swift; path = CategoryViewController.swift; sourceTree = "<group>"; };
		4733CB271FDEF02E003C51A8 /* ViewController.swift */ = {isa = PBXFileReference; lastKnownFileType = sourcecode.swift; path = ViewController.swift; sourceTree = "<group>"; };
		4738D4A61FBB571200374CAD /* Base */ = {isa = PBXFileReference; lastKnownFileType = text.json; name = Base; path = Base.lproj/Category.json; sourceTree = "<group>"; };
		47CB28CB1FD9ACF2000F7E85 /* GoogleMobileAds.framework */ = {isa = PBXFileReference; lastKnownFileType = wrapper.framework; name = GoogleMobileAds.framework; path = LearnoKids/GoogleMobileAds.framework; sourceTree = "<group>"; };
		47E61AB61FC8610E0025DDDC /* Base */ = {isa = PBXFileReference; lastKnownFileType = file.storyboard; name = Base; path = Base.lproj/LaunchScreen.storyboard; sourceTree = "<group>"; };
		47E61AB91FC870130025DDDC /* Base */ = {isa = PBXFileReference; lastKnownFileType = text.json; name = Base; path = Base.lproj/Vehicles.json; sourceTree = "<group>"; };
		47E61ABB1FC870130025DDDC /* Base */ = {isa = PBXFileReference; lastKnownFileType = text.json; name = Base; path = Base.lproj/Alphabets.json; sourceTree = "<group>"; };
		47E61ABD1FC870140025DDDC /* Base */ = {isa = PBXFileReference; lastKnownFileType = text.json; name = Base; path = Base.lproj/Numbers.json; sourceTree = "<group>"; };
		47E61AC31FC871020025DDDC /* Four.mp3 */ = {isa = PBXFileReference; lastKnownFileType = audio.mp3; path = Four.mp3; sourceTree = "<group>"; };
		47E61AC41FC871020025DDDC /* Five.mp3 */ = {isa = PBXFileReference; lastKnownFileType = audio.mp3; path = Five.mp3; sourceTree = "<group>"; };
		47E61AC51FC871030025DDDC /* Two.mp3 */ = {isa = PBXFileReference; lastKnownFileType = audio.mp3; path = Two.mp3; sourceTree = "<group>"; };
		47E61AC61FC871030025DDDC /* Six.mp3 */ = {isa = PBXFileReference; lastKnownFileType = audio.mp3; path = Six.mp3; sourceTree = "<group>"; };
		47E61AC71FC871030025DDDC /* Eight.mp3 */ = {isa = PBXFileReference; lastKnownFileType = audio.mp3; path = Eight.mp3; sourceTree = "<group>"; };
		47E61AC81FC871030025DDDC /* One.mp3 */ = {isa = PBXFileReference; lastKnownFileType = audio.mp3; path = One.mp3; sourceTree = "<group>"; };
		47E61AC91FC871030025DDDC /* Ten.mp3 */ = {isa = PBXFileReference; lastKnownFileType = audio.mp3; path = Ten.mp3; sourceTree = "<group>"; };
		47E61ACA1FC871030025DDDC /* Three.mp3 */ = {isa = PBXFileReference; lastKnownFileType = audio.mp3; path = Three.mp3; sourceTree = "<group>"; };
		47E61ACB1FC871030025DDDC /* Seven.mp3 */ = {isa = PBXFileReference; lastKnownFileType = audio.mp3; path = Seven.mp3; sourceTree = "<group>"; };
		47E61ACC1FC871030025DDDC /* Nine.mp3 */ = {isa = PBXFileReference; lastKnownFileType = audio.mp3; path = Nine.mp3; sourceTree = "<group>"; };
		47E61AD71FC871140025DDDC /* I.mp3 */ = {isa = PBXFileReference; lastKnownFileType = audio.mp3; path = I.mp3; sourceTree = "<group>"; };
		47E61AD81FC871140025DDDC /* G.mp3 */ = {isa = PBXFileReference; lastKnownFileType = audio.mp3; path = G.mp3; sourceTree = "<group>"; };
		47E61AD91FC871140025DDDC /* A.mp3 */ = {isa = PBXFileReference; lastKnownFileType = audio.mp3; path = A.mp3; sourceTree = "<group>"; };
		47E61ADA1FC871140025DDDC /* K.mp3 */ = {isa = PBXFileReference; lastKnownFileType = audio.mp3; path = K.mp3; sourceTree = "<group>"; };
		47E61ADB1FC871140025DDDC /* X.mp3 */ = {isa = PBXFileReference; lastKnownFileType = audio.mp3; path = X.mp3; sourceTree = "<group>"; };
		47E61ADC1FC871140025DDDC /* E.mp3 */ = {isa = PBXFileReference; lastKnownFileType = audio.mp3; path = E.mp3; sourceTree = "<group>"; };
		47E61ADD1FC871140025DDDC /* Y.mp3 */ = {isa = PBXFileReference; lastKnownFileType = audio.mp3; path = Y.mp3; sourceTree = "<group>"; };
		47E61ADE1FC871140025DDDC /* H.mp3 */ = {isa = PBXFileReference; lastKnownFileType = audio.mp3; path = H.mp3; sourceTree = "<group>"; };
		47E61ADF1FC871150025DDDC /* T.mp3 */ = {isa = PBXFileReference; lastKnownFileType = audio.mp3; path = T.mp3; sourceTree = "<group>"; };
		47E61AE01FC871150025DDDC /* F.mp3 */ = {isa = PBXFileReference; lastKnownFileType = audio.mp3; path = F.mp3; sourceTree = "<group>"; };
		47E61AE11FC871150025DDDC /* S.mp3 */ = {isa = PBXFileReference; lastKnownFileType = audio.mp3; path = S.mp3; sourceTree = "<group>"; };
		47E61AE21FC871150025DDDC /* D.mp3 */ = {isa = PBXFileReference; lastKnownFileType = audio.mp3; path = D.mp3; sourceTree = "<group>"; };
		47E61AE31FC871150025DDDC /* Q.mp3 */ = {isa = PBXFileReference; lastKnownFileType = audio.mp3; path = Q.mp3; sourceTree = "<group>"; };
		47E61AE41FC871150025DDDC /* N.mp3 */ = {isa = PBXFileReference; lastKnownFileType = audio.mp3; path = N.mp3; sourceTree = "<group>"; };
		47E61AE51FC871160025DDDC /* V.mp3 */ = {isa = PBXFileReference; lastKnownFileType = audio.mp3; path = V.mp3; sourceTree = "<group>"; };
		47E61AE61FC871160025DDDC /* B.mp3 */ = {isa = PBXFileReference; lastKnownFileType = audio.mp3; path = B.mp3; sourceTree = "<group>"; };
		47E61AE71FC871160025DDDC /* W.mp3 */ = {isa = PBXFileReference; lastKnownFileType = audio.mp3; path = W.mp3; sourceTree = "<group>"; };
		47E61AE81FC871160025DDDC /* M.mp3 */ = {isa = PBXFileReference; lastKnownFileType = audio.mp3; path = M.mp3; sourceTree = "<group>"; };
		47E61AE91FC871170025DDDC /* C.mp3 */ = {isa = PBXFileReference; lastKnownFileType = audio.mp3; path = C.mp3; sourceTree = "<group>"; };
		47E61AEA1FC871170025DDDC /* R.mp3 */ = {isa = PBXFileReference; lastKnownFileType = audio.mp3; path = R.mp3; sourceTree = "<group>"; };
		47E61AEB1FC871170025DDDC /* J.mp3 */ = {isa = PBXFileReference; lastKnownFileType = audio.mp3; path = J.mp3; sourceTree = "<group>"; };
		47E61AEC1FC871170025DDDC /* L.mp3 */ = {isa = PBXFileReference; lastKnownFileType = audio.mp3; path = L.mp3; sourceTree = "<group>"; };
		47E61AED1FC871170025DDDC /* O.mp3 */ = {isa = PBXFileReference; lastKnownFileType = audio.mp3; path = O.mp3; sourceTree = "<group>"; };
		47E61AEE1FC871170025DDDC /* Z.mp3 */ = {isa = PBXFileReference; lastKnownFileType = audio.mp3; path = Z.mp3; sourceTree = "<group>"; };
		47E61AEF1FC871180025DDDC /* U.mp3 */ = {isa = PBXFileReference; lastKnownFileType = audio.mp3; path = U.mp3; sourceTree = "<group>"; };
		47E61AF01FC871180025DDDC /* P.mp3 */ = {isa = PBXFileReference; lastKnownFileType = audio.mp3; path = P.mp3; sourceTree = "<group>"; };
		47E61B0B1FC871260025DDDC /* fox.mp3 */ = {isa = PBXFileReference; lastKnownFileType = audio.mp3; path = fox.mp3; sourceTree = "<group>"; };
		47E61B0C1FC871260025DDDC /* snake.mp3 */ = {isa = PBXFileReference; lastKnownFileType = audio.mp3; path = snake.mp3; sourceTree = "<group>"; };
		47E61B0D1FC871260025DDDC /* squirrel.mp3 */ = {isa = PBXFileReference; lastKnownFileType = audio.mp3; path = squirrel.mp3; sourceTree = "<group>"; };
		47E61B0E1FC871260025DDDC /* rabbit.mp3 */ = {isa = PBXFileReference; lastKnownFileType = audio.mp3; path = rabbit.mp3; sourceTree = "<group>"; };
		47E61B0F1FC871270025DDDC /* buckdear.mp3 */ = {isa = PBXFileReference; lastKnownFileType = audio.mp3; path = buckdear.mp3; sourceTree = "<group>"; };
		47E61B101FC871270025DDDC /* duck.mp3 */ = {isa = PBXFileReference; lastKnownFileType = audio.mp3; path = duck.mp3; sourceTree = "<group>"; };
		47E61B111FC871270025DDDC /* raccoon.mp3 */ = {isa = PBXFileReference; lastKnownFileType = audio.mp3; path = raccoon.mp3; sourceTree = "<group>"; };
		47E61B121FC871270025DDDC /* doedear.mp3 */ = {isa = PBXFileReference; lastKnownFileType = audio.mp3; path = doedear.mp3; sourceTree = "<group>"; };
		47E61B131FC871270025DDDC /* beaver.mp3 */ = {isa = PBXFileReference; lastKnownFileType = audio.mp3; path = beaver.mp3; sourceTree = "<group>"; };
		47E61B141FC871280025DDDC /* bear.mp3 */ = {isa = PBXFileReference; lastKnownFileType = audio.mp3; path = bear.mp3; sourceTree = "<group>"; };
		47E61B1F1FC8713D0025DDDC /* kiwi.mp3 */ = {isa = PBXFileReference; lastKnownFileType = audio.mp3; path = kiwi.mp3; sourceTree = "<group>"; };
		47E61B201FC8713D0025DDDC /* pear.mp3 */ = {isa = PBXFileReference; lastKnownFileType = audio.mp3; path = pear.mp3; sourceTree = "<group>"; };
		47E61B211FC8713D0025DDDC /* watermelon.mp3 */ = {isa = PBXFileReference; lastKnownFileType = audio.mp3; path = watermelon.mp3; sourceTree = "<group>"; };
		47E61B221FC8713E0025DDDC /* papaya.mp3 */ = {isa = PBXFileReference; lastKnownFileType = audio.mp3; path = papaya.mp3; sourceTree = "<group>"; };
		47E61B231FC8713E0025DDDC /* coconut.mp3 */ = {isa = PBXFileReference; lastKnownFileType = audio.mp3; path = coconut.mp3; sourceTree = "<group>"; };
		47E61B241FC8713E0025DDDC /* apple.mp3 */ = {isa = PBXFileReference; lastKnownFileType = audio.mp3; path = apple.mp3; sourceTree = "<group>"; };
		47E61B251FC8713E0025DDDC /* banana.mp3 */ = {isa = PBXFileReference; lastKnownFileType = audio.mp3; path = banana.mp3; sourceTree = "<group>"; };
		47E61B261FC8713F0025DDDC /* grapes.mp3 */ = {isa = PBXFileReference; lastKnownFileType = audio.mp3; path = grapes.mp3; sourceTree = "<group>"; };
		47E61B271FC8713F0025DDDC /* orange.mp3 */ = {isa = PBXFileReference; lastKnownFileType = audio.mp3; path = orange.mp3; sourceTree = "<group>"; };
		47E61B281FC8713F0025DDDC /* peach.mp3 */ = {isa = PBXFileReference; lastKnownFileType = audio.mp3; path = peach.mp3; sourceTree = "<group>"; };
		47E61B331FC871540025DDDC /* Ship.mp3 */ = {isa = PBXFileReference; lastKnownFileType = audio.mp3; path = Ship.mp3; sourceTree = "<group>"; };
		47E61B341FC871540025DDDC /* Car.mp3 */ = {isa = PBXFileReference; lastKnownFileType = audio.mp3; path = Car.mp3; sourceTree = "<group>"; };
		47E61B351FC871550025DDDC /* Plane.mp3 */ = {isa = PBXFileReference; lastKnownFileType = audio.mp3; path = Plane.mp3; sourceTree = "<group>"; };
		47E61B361FC871550025DDDC /* Train.mp3 */ = {isa = PBXFileReference; lastKnownFileType = audio.mp3; path = Train.mp3; sourceTree = "<group>"; };
		47E61B371FC871550025DDDC /* Cycle.mp3 */ = {isa = PBXFileReference; lastKnownFileType = audio.mp3; path = Cycle.mp3; sourceTree = "<group>"; };
		47E61B381FC871550025DDDC /* Helicopter.mp3 */ = {isa = PBXFileReference; lastKnownFileType = audio.mp3; path = Helicopter.mp3; sourceTree = "<group>"; };
		47E61B391FC871550025DDDC /* Bus.mp3 */ = {isa = PBXFileReference; lastKnownFileType = audio.mp3; path = Bus.mp3; sourceTree = "<group>"; };
		47E61B3A1FC871560025DDDC /* Ambulance.mp3 */ = {isa = PBXFileReference; lastKnownFileType = audio.mp3; path = Ambulance.mp3; sourceTree = "<group>"; };
		47E61B3B1FC871560025DDDC /* Jeep.mp3 */ = {isa = PBXFileReference; lastKnownFileType = audio.mp3; path = Jeep.mp3; sourceTree = "<group>"; };
		47E61B3C1FC871560025DDDC /* Scooter.mp3 */ = {isa = PBXFileReference; lastKnownFileType = audio.mp3; path = Scooter.mp3; sourceTree = "<group>"; };
		47FF01D51F98809E00B92591 /* CustomImageFlowLayout.swift */ = {isa = PBXFileReference; fileEncoding = 4; lastKnownFileType = sourcecode.swift; path = CustomImageFlowLayout.swift; sourceTree = "<group>"; };
		47FFA7BF1F964B3400597789 /* FLowerViewController.swift */ = {isa = PBXFileReference; lastKnownFileType = sourcecode.swift; path = FLowerViewController.swift; sourceTree = "<group>"; };
		984C26271F7F7FC600BA16DD /* LearnoKids.app */ = {isa = PBXFileReference; explicitFileType = wrapper.application; includeInIndex = 0; path = LearnoKids.app; sourceTree = BUILT_PRODUCTS_DIR; };
		984C262A1F7F7FC600BA16DD /* AppDelegate.swift */ = {isa = PBXFileReference; lastKnownFileType = sourcecode.swift; path = AppDelegate.swift; sourceTree = "<group>"; };
		984C262C1F7F7FC600BA16DD /* Constants.swift */ = {isa = PBXFileReference; lastKnownFileType = sourcecode.swift; path = Constants.swift; sourceTree = "<group>"; };
		984C262F1F7F7FC600BA16DD /* Base */ = {isa = PBXFileReference; lastKnownFileType = file.storyboard; name = Base; path = Base.lproj/Main.storyboard; sourceTree = "<group>"; };
		984C26311F7F7FC700BA16DD /* Assets.xcassets */ = {isa = PBXFileReference; lastKnownFileType = folder.assetcatalog; path = Assets.xcassets; sourceTree = "<group>"; };
		984C26361F7F7FC700BA16DD /* Info.plist */ = {isa = PBXFileReference; lastKnownFileType = text.plist.xml; path = Info.plist; sourceTree = "<group>"; };
		984C263B1F7F7FC700BA16DD /* LearnoKidsTests.xctest */ = {isa = PBXFileReference; explicitFileType = wrapper.cfbundle; includeInIndex = 0; path = LearnoKidsTests.xctest; sourceTree = BUILT_PRODUCTS_DIR; };
		984C26461F7F7FC700BA16DD /* LearnoKidsUITests.xctest */ = {isa = PBXFileReference; explicitFileType = wrapper.cfbundle; includeInIndex = 0; path = LearnoKidsUITests.xctest; sourceTree = BUILT_PRODUCTS_DIR; };
/* End PBXFileReference section */

/* Begin PBXFrameworksBuildPhase section */
		4708BFEB1FE42F30006F1F84 /* Frameworks */ = {
			isa = PBXFrameworksBuildPhase;
			buildActionMask = 2147483647;
			files = (
			);
			runOnlyForDeploymentPostprocessing = 0;
		};
		984C26241F7F7FC600BA16DD /* Frameworks */ = {
			isa = PBXFrameworksBuildPhase;
			buildActionMask = 2147483647;
			files = (
				47CB28CC1FD9ACF2000F7E85 /* GoogleMobileAds.framework in Frameworks */,
			);
			runOnlyForDeploymentPostprocessing = 0;
		};
		984C26381F7F7FC700BA16DD /* Frameworks */ = {
			isa = PBXFrameworksBuildPhase;
			buildActionMask = 2147483647;
			files = (
			);
			runOnlyForDeploymentPostprocessing = 0;
		};
		984C26431F7F7FC700BA16DD /* Frameworks */ = {
			isa = PBXFrameworksBuildPhase;
			buildActionMask = 2147483647;
			files = (
			);
			runOnlyForDeploymentPostprocessing = 0;
		};
/* End PBXFrameworksBuildPhase section */

/* Begin PBXGroup section */
		4708BFEF1FE42F30006F1F84 /* LearnoKidsUITest */ = {
			isa = PBXGroup;
			children = (
				4708BFF01FE42F30006F1F84 /* LearnoKidsUITest.swift */,
				4708BFF21FE42F30006F1F84 /* Info.plist */,
			);
			path = LearnoKidsUITest;
			sourceTree = "<group>";
		};
		47E61AC11FC870D10025DDDC /* JSON */ = {
			isa = PBXGroup;
			children = (
				4738D4A51FBB571200374CAD /* Category.json */,
				9819C3431FA9B91800641833 /* Fruits.json */,
				47E61ABA1FC870130025DDDC /* Alphabets.json */,
				47E61ABC1FC870140025DDDC /* Numbers.json */,
				47E61AB81FC870130025DDDC /* Vehicles.json */,
				4732DB721FB3602700948723 /* Animals.json */,
			);
			path = JSON;
			sourceTree = "<group>";
		};
		47E61AC21FC870EF0025DDDC /* Sound */ = {
			isa = PBXGroup;
			children = (
				47E61AD91FC871140025DDDC /* A.mp3 */,
				47E61B141FC871280025DDDC /* bear.mp3 */,
				47E61B131FC871270025DDDC /* beaver.mp3 */,
				47E61B0F1FC871270025DDDC /* buckdear.mp3 */,
				47E61B121FC871270025DDDC /* doedear.mp3 */,
				47E61B101FC871270025DDDC /* duck.mp3 */,
				47E61B0B1FC871260025DDDC /* fox.mp3 */,
				47E61B0E1FC871260025DDDC /* rabbit.mp3 */,
				47E61B111FC871270025DDDC /* raccoon.mp3 */,
				47E61B0C1FC871260025DDDC /* snake.mp3 */,
				47E61B0D1FC871260025DDDC /* squirrel.mp3 */,
				47E61AE61FC871160025DDDC /* B.mp3 */,
				47E61AE91FC871170025DDDC /* C.mp3 */,
				47E61AE21FC871150025DDDC /* D.mp3 */,
				47E61ADC1FC871140025DDDC /* E.mp3 */,
				47E61AE01FC871150025DDDC /* F.mp3 */,
				47E61AD81FC871140025DDDC /* G.mp3 */,
				47E61ADE1FC871140025DDDC /* H.mp3 */,
				47E61AD71FC871140025DDDC /* I.mp3 */,
				47E61AEB1FC871170025DDDC /* J.mp3 */,
				47E61ADA1FC871140025DDDC /* K.mp3 */,
				47E61AEC1FC871170025DDDC /* L.mp3 */,
				47E61AE81FC871160025DDDC /* M.mp3 */,
				47E61AE41FC871150025DDDC /* N.mp3 */,
				47E61AED1FC871170025DDDC /* O.mp3 */,
				47E61AF01FC871180025DDDC /* P.mp3 */,
				47E61AE31FC871150025DDDC /* Q.mp3 */,
				47E61AEA1FC871170025DDDC /* R.mp3 */,
				47E61B241FC8713E0025DDDC /* apple.mp3 */,
				47E61B251FC8713E0025DDDC /* banana.mp3 */,
				47E61B231FC8713E0025DDDC /* coconut.mp3 */,
				47E61B261FC8713F0025DDDC /* grapes.mp3 */,
				47E61B1F1FC8713D0025DDDC /* kiwi.mp3 */,
				47E61B271FC8713F0025DDDC /* orange.mp3 */,
				47E61B3A1FC871560025DDDC /* Ambulance.mp3 */,
				47E61B391FC871550025DDDC /* Bus.mp3 */,
				47E61B341FC871540025DDDC /* Car.mp3 */,
				47E61B371FC871550025DDDC /* Cycle.mp3 */,
				47E61B381FC871550025DDDC /* Helicopter.mp3 */,
				47E61B3B1FC871560025DDDC /* Jeep.mp3 */,
				47E61B351FC871550025DDDC /* Plane.mp3 */,
				47E61B3C1FC871560025DDDC /* Scooter.mp3 */,
				47E61B331FC871540025DDDC /* Ship.mp3 */,
				47E61B361FC871550025DDDC /* Train.mp3 */,
				47E61B221FC8713E0025DDDC /* papaya.mp3 */,
				47E61B281FC8713F0025DDDC /* peach.mp3 */,
				47E61B201FC8713D0025DDDC /* pear.mp3 */,
				47E61B211FC8713D0025DDDC /* watermelon.mp3 */,
				47E61AE11FC871150025DDDC /* S.mp3 */,
				47E61ADF1FC871150025DDDC /* T.mp3 */,
				47E61AEF1FC871180025DDDC /* U.mp3 */,
				47E61AE51FC871160025DDDC /* V.mp3 */,
				47E61AE71FC871160025DDDC /* W.mp3 */,
				47E61ADB1FC871140025DDDC /* X.mp3 */,
				47E61ADD1FC871140025DDDC /* Y.mp3 */,
				47E61AEE1FC871170025DDDC /* Z.mp3 */,
				47E61AC71FC871030025DDDC /* Eight.mp3 */,
				47E61AC41FC871020025DDDC /* Five.mp3 */,
				47E61AC31FC871020025DDDC /* Four.mp3 */,
				47E61ACC1FC871030025DDDC /* Nine.mp3 */,
				47E61AC81FC871030025DDDC /* One.mp3 */,
				47E61ACB1FC871030025DDDC /* Seven.mp3 */,
				47E61AC61FC871030025DDDC /* Six.mp3 */,
				47E61AC91FC871030025DDDC /* Ten.mp3 */,
				47E61ACA1FC871030025DDDC /* Three.mp3 */,
				47E61AC51FC871030025DDDC /* Two.mp3 */,
			);
			name = Sound;
			path = JSON;
			sourceTree = "<group>";
		};
		984C261E1F7F7FC600BA16DD = {
			isa = PBXGroup;
			children = (
				984C26291F7F7FC600BA16DD /* LearnoKids */,
				47CB28CB1FD9ACF2000F7E85 /* GoogleMobileAds.framework */,
				4708BFEF1FE42F30006F1F84 /* LearnoKidsUITest */,
				984C26281F7F7FC600BA16DD /* Products */,
			);
			sourceTree = "<group>";
		};
		984C26281F7F7FC600BA16DD /* Products */ = {
			isa = PBXGroup;
			children = (
				984C26271F7F7FC600BA16DD /* LearnoKids.app */,
				984C263B1F7F7FC700BA16DD /* LearnoKidsTests.xctest */,
				984C26461F7F7FC700BA16DD /* LearnoKidsUITests.xctest */,
				4708BFEE1FE42F30006F1F84 /* LearnoKidsUITest.xctest */,
			);
			name = Products;
			sourceTree = "<group>";
		};
		984C26291F7F7FC600BA16DD /* LearnoKids */ = {
			isa = PBXGroup;
			children = (
				984C262A1F7F7FC600BA16DD /* AppDelegate.swift */,
				984C262C1F7F7FC600BA16DD /* Constants.swift */,
				47FF01D51F98809E00B92591 /* CustomImageFlowLayout.swift */,
				47FFA7BF1F964B3400597789 /* FLowerViewController.swift */,
				470A11F91F9A4B0C00DE6AC6 /* MenuViewController.swift */,
				471ED3411FD06E5200AFA6C4 /* AdPreview.swift */,
				984C262E1F7F7FC600BA16DD /* Main.storyboard */,
				4733457D1FB2A23B00FF1BA3 /* CategoryViewController.swift */,
				4733CB271FDEF02E003C51A8 /* ViewController.swift */,
				984C26311F7F7FC700BA16DD /* Assets.xcassets */,
				984C26361F7F7FC700BA16DD /* Info.plist */,
				47E61AB51FC8610E0025DDDC /* LaunchScreen.storyboard */,
				47E61AC21FC870EF0025DDDC /* Sound */,
				47E61AC11FC870D10025DDDC /* JSON */,
			);
			path = LearnoKids;
			sourceTree = "<group>";
		};
/* End PBXGroup section */

/* Begin PBXNativeTarget section */
		4708BFED1FE42F30006F1F84 /* LearnoKidsUITest */ = {
			isa = PBXNativeTarget;
			buildConfigurationList = 4708BFF51FE42F30006F1F84 /* Build configuration list for PBXNativeTarget "LearnoKidsUITest" */;
			buildPhases = (
				4708BFEA1FE42F30006F1F84 /* Sources */,
				4708BFEB1FE42F30006F1F84 /* Frameworks */,
				4708BFEC1FE42F30006F1F84 /* Resources */,
			);
			buildRules = (
			);
			dependencies = (
				4708BFF41FE42F30006F1F84 /* PBXTargetDependency */,
			);
			name = LearnoKidsUITest;
			productName = LearnoKidsUITest;
			productReference = 4708BFEE1FE42F30006F1F84 /* LearnoKidsUITest.xctest */;
			productType = "com.apple.product-type.bundle.ui-testing";
		};
		984C26261F7F7FC600BA16DD /* LearnoKids */ = {
			isa = PBXNativeTarget;
			buildConfigurationList = 984C264F1F7F7FC700BA16DD /* Build configuration list for PBXNativeTarget "LearnoKids" */;
			buildPhases = (
				984C26231F7F7FC600BA16DD /* Sources */,
				984C26241F7F7FC600BA16DD /* Frameworks */,
				984C26251F7F7FC600BA16DD /* Resources */,
			);
			buildRules = (
			);
			dependencies = (
			);
			name = LearnoKids;
			productName = simpleUIWithStoryboard;
			productReference = 984C26271F7F7FC600BA16DD /* LearnoKids.app */;
			productType = "com.apple.product-type.application";
		};
		984C263A1F7F7FC700BA16DD /* LearnoKidsTests */ = {
			isa = PBXNativeTarget;
			buildConfigurationList = 984C26521F7F7FC700BA16DD /* Build configuration list for PBXNativeTarget "LearnoKidsTests" */;
			buildPhases = (
				984C26371F7F7FC700BA16DD /* Sources */,
				984C26381F7F7FC700BA16DD /* Frameworks */,
				984C26391F7F7FC700BA16DD /* Resources */,
			);
			buildRules = (
			);
			dependencies = (
				984C263D1F7F7FC700BA16DD /* PBXTargetDependency */,
			);
			name = LearnoKidsTests;
			productName = simpleUIWithStoryboardTests;
			productReference = 984C263B1F7F7FC700BA16DD /* LearnoKidsTests.xctest */;
			productType = "com.apple.product-type.bundle.unit-test";
		};
		984C26451F7F7FC700BA16DD /* LearnoKidsUITests */ = {
			isa = PBXNativeTarget;
			buildConfigurationList = 984C26551F7F7FC700BA16DD /* Build configuration list for PBXNativeTarget "LearnoKidsUITests" */;
			buildPhases = (
				984C26421F7F7FC700BA16DD /* Sources */,
				984C26431F7F7FC700BA16DD /* Frameworks */,
				984C26441F7F7FC700BA16DD /* Resources */,
			);
			buildRules = (
			);
			dependencies = (
				984C26481F7F7FC700BA16DD /* PBXTargetDependency */,
			);
			name = LearnoKidsUITests;
			productName = simpleUIWithStoryboardUITests;
			productReference = 984C26461F7F7FC700BA16DD /* LearnoKidsUITests.xctest */;
			productType = "com.apple.product-type.bundle.ui-testing";
		};
/* End PBXNativeTarget section */

/* Begin PBXProject section */
		984C261F1F7F7FC600BA16DD /* Project object */ = {
			isa = PBXProject;
			attributes = {
				LastSwiftUpdateCheck = 0900;
				LastUpgradeCheck = 0900;
				ORGANIZATIONNAME = "Sunil Dutt";
				TargetAttributes = {
					4708BFED1FE42F30006F1F84 = {
						CreatedOnToolsVersion = 9.0.1;
						ProvisioningStyle = Automatic;
						TestTargetID = 984C26261F7F7FC600BA16DD;
					};
					984C26261F7F7FC600BA16DD = {
						CreatedOnToolsVersion = 9.0;
						ProvisioningStyle = Automatic;
					};
					984C263A1F7F7FC700BA16DD = {
						CreatedOnToolsVersion = 9.0;
						ProvisioningStyle = Automatic;
						TestTargetID = 984C26261F7F7FC600BA16DD;
					};
					984C26451F7F7FC700BA16DD = {
						CreatedOnToolsVersion = 9.0;
						ProvisioningStyle = Automatic;
						TestTargetID = 984C26261F7F7FC600BA16DD;
					};
				};
			};
			buildConfigurationList = 984C26221F7F7FC600BA16DD /* Build configuration list for PBXProject "LearnoKids" */;
			compatibilityVersion = "Xcode 8.0";
			developmentRegion = en;
			hasScannedForEncodings = 0;
			knownRegions = (
				en,
				Base,
			);
			mainGroup = 984C261E1F7F7FC600BA16DD;
			productRefGroup = 984C26281F7F7FC600BA16DD /* Products */;
			projectDirPath = "";
			projectRoot = "";
			targets = (
				984C26261F7F7FC600BA16DD /* LearnoKids */,
				984C263A1F7F7FC700BA16DD /* LearnoKidsTests */,
				984C26451F7F7FC700BA16DD /* LearnoKidsUITests */,
				4708BFED1FE42F30006F1F84 /* LearnoKidsUITest */,
			);
		};
/* End PBXProject section */

/* Begin PBXResourcesBuildPhase section */
		4708BFEC1FE42F30006F1F84 /* Resources */ = {
			isa = PBXResourcesBuildPhase;
			buildActionMask = 2147483647;
			files = (
			);
			runOnlyForDeploymentPostprocessing = 0;
		};
		984C26251F7F7FC600BA16DD /* Resources */ = {
			isa = PBXResourcesBuildPhase;
			buildActionMask = 2147483647;
			files = (
				47E61B091FC871180025DDDC /* U.mp3 in Resources */,
				47E61AFE1FC871180025DDDC /* N.mp3 in Resources */,
				47E61B1C1FC871280025DDDC /* doedear.mp3 in Resources */,
				47E61AF31FC871180025DDDC /* A.mp3 in Resources */,
				47E61B311FC8713F0025DDDC /* orange.mp3 in Resources */,
				47E61B191FC871280025DDDC /* buckdear.mp3 in Resources */,
				4732DB701FB3602700948723 /* Animals.json in Resources */,
				47E61B441FC871570025DDDC /* Ambulance.mp3 in Resources */,
				47E61ABE1FC870140025DDDC /* Vehicles.json in Resources */,
				47E61B1D1FC871280025DDDC /* beaver.mp3 in Resources */,
				47E61AF81FC871180025DDDC /* H.mp3 in Resources */,
				47E61AF51FC871180025DDDC /* X.mp3 in Resources */,
				47E61B2E1FC8713F0025DDDC /* apple.mp3 in Resources */,
				47E61B1A1FC871280025DDDC /* duck.mp3 in Resources */,
				47E61AD11FC871030025DDDC /* Eight.mp3 in Resources */,
				47E61B161FC871280025DDDC /* snake.mp3 in Resources */,
				47E61B081FC871180025DDDC /* Z.mp3 in Resources */,
				47E61AFB1FC871180025DDDC /* S.mp3 in Resources */,
				47E61AD41FC871030025DDDC /* Three.mp3 in Resources */,
				47E61ACD1FC871030025DDDC /* Four.mp3 in Resources */,
				47E61B421FC871570025DDDC /* Helicopter.mp3 in Resources */,
				47E61B2A1FC8713F0025DDDC /* pear.mp3 in Resources */,
				47E61ACF1FC871030025DDDC /* Two.mp3 in Resources */,
				47E61B321FC8713F0025DDDC /* peach.mp3 in Resources */,
				47E61ACE1FC871030025DDDC /* Five.mp3 in Resources */,
				47E61B041FC871180025DDDC /* R.mp3 in Resources */,
				47E61AF61FC871180025DDDC /* E.mp3 in Resources */,
				47E61B2C1FC8713F0025DDDC /* papaya.mp3 in Resources */,
				47E61B171FC871280025DDDC /* squirrel.mp3 in Resources */,
				47E61AFF1FC871180025DDDC /* V.mp3 in Resources */,
				47E61AFA1FC871180025DDDC /* F.mp3 in Resources */,
				47E61B1B1FC871280025DDDC /* raccoon.mp3 in Resources */,
				47E61B2B1FC8713F0025DDDC /* watermelon.mp3 in Resources */,
				47E61AD01FC871030025DDDC /* Six.mp3 in Resources */,
				47E61AD51FC871030025DDDC /* Seven.mp3 in Resources */,
				47E61ABF1FC870140025DDDC /* Alphabets.json in Resources */,
				47E61AC01FC870140025DDDC /* Numbers.json in Resources */,
				47E61B3F1FC871570025DDDC /* Plane.mp3 in Resources */,
				47E61B061FC871180025DDDC /* L.mp3 in Resources */,
				47E61AD21FC871030025DDDC /* One.mp3 in Resources */,
				47E61AF21FC871180025DDDC /* G.mp3 in Resources */,
				47E61AFC1FC871180025DDDC /* D.mp3 in Resources */,
				47E61B151FC871280025DDDC /* fox.mp3 in Resources */,
				47E61AFD1FC871180025DDDC /* Q.mp3 in Resources */,
				47E61AF71FC871180025DDDC /* Y.mp3 in Resources */,
				47E61B1E1FC871280025DDDC /* bear.mp3 in Resources */,
				9819C3411FA9B91800641833 /* Fruits.json in Resources */,
				47E61B411FC871570025DDDC /* Cycle.mp3 in Resources */,
				47E61B001FC871180025DDDC /* B.mp3 in Resources */,
				47E61B2F1FC8713F0025DDDC /* banana.mp3 in Resources */,
				47E61B031FC871180025DDDC /* C.mp3 in Resources */,
				4738D4A71FBB571200374CAD /* Category.json in Resources */,
				47E61B051FC871180025DDDC /* J.mp3 in Resources */,
				47E61AD31FC871030025DDDC /* Ten.mp3 in Resources */,
				47E61AD61FC871030025DDDC /* Nine.mp3 in Resources */,
				47E61B3E1FC871570025DDDC /* Car.mp3 in Resources */,
				47E61B181FC871280025DDDC /* rabbit.mp3 in Resources */,
				47E61B401FC871570025DDDC /* Train.mp3 in Resources */,
				47E61B461FC871570025DDDC /* Scooter.mp3 in Resources */,
				47E61B451FC871570025DDDC /* Jeep.mp3 in Resources */,
				47E61B2D1FC8713F0025DDDC /* coconut.mp3 in Resources */,
				47E61AF41FC871180025DDDC /* K.mp3 in Resources */,
				47E61B011FC871180025DDDC /* W.mp3 in Resources */,
				47E61AF91FC871180025DDDC /* T.mp3 in Resources */,
				47E61B071FC871180025DDDC /* O.mp3 in Resources */,
				47E61B301FC8713F0025DDDC /* grapes.mp3 in Resources */,
				47E61B431FC871570025DDDC /* Bus.mp3 in Resources */,
				47E61AF11FC871180025DDDC /* I.mp3 in Resources */,
				47E61B291FC8713F0025DDDC /* kiwi.mp3 in Resources */,
				47E61B3D1FC871570025DDDC /* Ship.mp3 in Resources */,
				47E61B021FC871180025DDDC /* M.mp3 in Resources */,
				47E61AB71FC8610E0025DDDC /* LaunchScreen.storyboard in Resources */,
				47E61B0A1FC871180025DDDC /* P.mp3 in Resources */,
				984C26321F7F7FC700BA16DD /* Assets.xcassets in Resources */,
				984C26301F7F7FC600BA16DD /* Main.storyboard in Resources */,
			);
			runOnlyForDeploymentPostprocessing = 0;
		};
		984C26391F7F7FC700BA16DD /* Resources */ = {
			isa = PBXResourcesBuildPhase;
			buildActionMask = 2147483647;
			files = (
			);
			runOnlyForDeploymentPostprocessing = 0;
		};
		984C26441F7F7FC700BA16DD /* Resources */ = {
			isa = PBXResourcesBuildPhase;
			buildActionMask = 2147483647;
			files = (
			);
			runOnlyForDeploymentPostprocessing = 0;
		};
/* End PBXResourcesBuildPhase section */

/* Begin PBXSourcesBuildPhase section */
		4708BFEA1FE42F30006F1F84 /* Sources */ = {
			isa = PBXSourcesBuildPhase;
			buildActionMask = 2147483647;
			files = (
				4708BFF11FE42F30006F1F84 /* LearnoKidsUITest.swift in Sources */,
			);
			runOnlyForDeploymentPostprocessing = 0;
		};
		984C26231F7F7FC600BA16DD /* Sources */ = {
			isa = PBXSourcesBuildPhase;
			buildActionMask = 2147483647;
			files = (
				984C262D1F7F7FC600BA16DD /* Constants.swift in Sources */,
				470A11FA1F9A4B0C00DE6AC6 /* MenuViewController.swift in Sources */,
				984C262B1F7F7FC600BA16DD /* AppDelegate.swift in Sources */,
				47FF01D61F98809E00B92591 /* CustomImageFlowLayout.swift in Sources */,
				4733457E1FB2A23B00FF1BA3 /* CategoryViewController.swift in Sources */,
				47FFA7C01F964B3400597789 /* FLowerViewController.swift in Sources */,
				4733CB281FDEF02E003C51A8 /* ViewController.swift in Sources */,
				471ED3421FD06E5200AFA6C4 /* AdPreview.swift in Sources */,
			);
			runOnlyForDeploymentPostprocessing = 0;
		};
		984C26371F7F7FC700BA16DD /* Sources */ = {
			isa = PBXSourcesBuildPhase;
			buildActionMask = 2147483647;
			files = (
			);
			runOnlyForDeploymentPostprocessing = 0;
		};
		984C26421F7F7FC700BA16DD /* Sources */ = {
			isa = PBXSourcesBuildPhase;
			buildActionMask = 2147483647;
			files = (
			);
			runOnlyForDeploymentPostprocessing = 0;
		};
/* End PBXSourcesBuildPhase section */

/* Begin PBXTargetDependency section */
		4708BFF41FE42F30006F1F84 /* PBXTargetDependency */ = {
			isa = PBXTargetDependency;
			target = 984C26261F7F7FC600BA16DD /* LearnoKids */;
			targetProxy = 4708BFF31FE42F30006F1F84 /* PBXContainerItemProxy */;
		};
		984C263D1F7F7FC700BA16DD /* PBXTargetDependency */ = {
			isa = PBXTargetDependency;
			target = 984C26261F7F7FC600BA16DD /* LearnoKids */;
			targetProxy = 984C263C1F7F7FC700BA16DD /* PBXContainerItemProxy */;
		};
		984C26481F7F7FC700BA16DD /* PBXTargetDependency */ = {
			isa = PBXTargetDependency;
			target = 984C26261F7F7FC600BA16DD /* LearnoKids */;
			targetProxy = 984C26471F7F7FC700BA16DD /* PBXContainerItemProxy */;
		};
/* End PBXTargetDependency section */

/* Begin PBXVariantGroup section */
		4732DB721FB3602700948723 /* Animals.json */ = {
			isa = PBXVariantGroup;
			children = (
				4732DB761FB3623F00948723 /* Base */,
			);
			name = Animals.json;
			sourceTree = "<group>";
		};
		4738D4A51FBB571200374CAD /* Category.json */ = {
			isa = PBXVariantGroup;
			children = (
				4738D4A61FBB571200374CAD /* Base */,
			);
			name = Category.json;
			sourceTree = "<group>";
		};
		47E61AB51FC8610E0025DDDC /* LaunchScreen.storyboard */ = {
			isa = PBXVariantGroup;
			children = (
				47E61AB61FC8610E0025DDDC /* Base */,
			);
			name = LaunchScreen.storyboard;
			sourceTree = "<group>";
		};
		47E61AB81FC870130025DDDC /* Vehicles.json */ = {
			isa = PBXVariantGroup;
			children = (
				47E61AB91FC870130025DDDC /* Base */,
			);
			name = Vehicles.json;
			sourceTree = "<group>";
		};
		47E61ABA1FC870130025DDDC /* Alphabets.json */ = {
			isa = PBXVariantGroup;
			children = (
				47E61ABB1FC870130025DDDC /* Base */,
			);
			name = Alphabets.json;
			sourceTree = "<group>";
		};
		47E61ABC1FC870140025DDDC /* Numbers.json */ = {
			isa = PBXVariantGroup;
			children = (
				47E61ABD1FC870140025DDDC /* Base */,
			);
			name = Numbers.json;
			sourceTree = "<group>";
		};
		9819C3431FA9B91800641833 /* Fruits.json */ = {
			isa = PBXVariantGroup;
			children = (
				4732DB751FB360B200948723 /* Base */,
			);
			name = Fruits.json;
			sourceTree = "<group>";
		};
		984C262E1F7F7FC600BA16DD /* Main.storyboard */ = {
			isa = PBXVariantGroup;
			children = (
				984C262F1F7F7FC600BA16DD /* Base */,
			);
			name = Main.storyboard;
			sourceTree = "<group>";
		};
/* End PBXVariantGroup section */

/* Begin XCBuildConfiguration section */
		4708BFF61FE42F30006F1F84 /* Debug */ = {
			isa = XCBuildConfiguration;
			buildSettings = {
				CODE_SIGN_STYLE = Automatic;
				INFOPLIST_FILE = LearnoKidsUITest/Info.plist;
				LD_RUNPATH_SEARCH_PATHS = "$(inherited) @executable_path/Frameworks @loader_path/Frameworks";
				PRODUCT_BUNDLE_IDENTIFIER = com.hari.LearnoKidsUITest;
				PRODUCT_NAME = "$(TARGET_NAME)";
				SWIFT_VERSION = 4.0;
				TARGETED_DEVICE_FAMILY = "1,2";
				TEST_TARGET_NAME = LearnoKids;
			};
			name = Debug;
		};
		4708BFF71FE42F30006F1F84 /* Release */ = {
			isa = XCBuildConfiguration;
			buildSettings = {
				CODE_SIGN_STYLE = Automatic;
				INFOPLIST_FILE = LearnoKidsUITest/Info.plist;
				LD_RUNPATH_SEARCH_PATHS = "$(inherited) @executable_path/Frameworks @loader_path/Frameworks";
				PRODUCT_BUNDLE_IDENTIFIER = com.hari.LearnoKidsUITest;
				PRODUCT_NAME = "$(TARGET_NAME)";
				SWIFT_VERSION = 4.0;
				TARGETED_DEVICE_FAMILY = "1,2";
				TEST_TARGET_NAME = LearnoKids;
			};
			name = Release;
		};
		984C264D1F7F7FC700BA16DD /* Debug */ = {
			isa = XCBuildConfiguration;
			buildSettings = {
				ALWAYS_SEARCH_USER_PATHS = NO;
				CLANG_ANALYZER_NONNULL = YES;
				CLANG_ANALYZER_NUMBER_OBJECT_CONVERSION = YES_AGGRESSIVE;
				CLANG_CXX_LANGUAGE_STANDARD = "gnu++14";
				CLANG_CXX_LIBRARY = "libc++";
				CLANG_ENABLE_MODULES = YES;
				CLANG_ENABLE_OBJC_ARC = YES;
				CLANG_WARN_BLOCK_CAPTURE_AUTORELEASING = YES;
				CLANG_WARN_BOOL_CONVERSION = YES;
				CLANG_WARN_COMMA = YES;
				CLANG_WARN_CONSTANT_CONVERSION = YES;
				CLANG_WARN_DIRECT_OBJC_ISA_USAGE = YES_ERROR;
				CLANG_WARN_DOCUMENTATION_COMMENTS = YES;
				CLANG_WARN_EMPTY_BODY = YES;
				CLANG_WARN_ENUM_CONVERSION = YES;
				CLANG_WARN_INFINITE_RECURSION = YES;
				CLANG_WARN_INT_CONVERSION = YES;
				CLANG_WARN_NON_LITERAL_NULL_CONVERSION = YES;
				CLANG_WARN_OBJC_LITERAL_CONVERSION = YES;
				CLANG_WARN_OBJC_ROOT_CLASS = YES_ERROR;
				CLANG_WARN_RANGE_LOOP_ANALYSIS = YES;
				CLANG_WARN_STRICT_PROTOTYPES = YES;
				CLANG_WARN_SUSPICIOUS_MOVE = YES;
				CLANG_WARN_UNGUARDED_AVAILABILITY = YES_AGGRESSIVE;
				CLANG_WARN_UNREACHABLE_CODE = YES;
				CLANG_WARN__DUPLICATE_METHOD_MATCH = YES;
				CODE_SIGN_IDENTITY = "iPhone Developer";
				COPY_PHASE_STRIP = NO;
				DEBUG_INFORMATION_FORMAT = dwarf;
				ENABLE_STRICT_OBJC_MSGSEND = YES;
				ENABLE_TESTABILITY = YES;
				GCC_C_LANGUAGE_STANDARD = gnu11;
				GCC_DYNAMIC_NO_PIC = NO;
				GCC_NO_COMMON_BLOCKS = YES;
				GCC_OPTIMIZATION_LEVEL = 0;
				GCC_PREPROCESSOR_DEFINITIONS = (
					"DEBUG=1",
					"$(inherited)",
				);
				GCC_WARN_64_TO_32_BIT_CONVERSION = YES;
				GCC_WARN_ABOUT_RETURN_TYPE = YES_ERROR;
				GCC_WARN_UNDECLARED_SELECTOR = YES;
				GCC_WARN_UNINITIALIZED_AUTOS = YES_AGGRESSIVE;
				GCC_WARN_UNUSED_FUNCTION = YES;
				GCC_WARN_UNUSED_VARIABLE = YES;
				IPHONEOS_DEPLOYMENT_TARGET = 11.0;
				MTL_ENABLE_DEBUG_INFO = YES;
				ONLY_ACTIVE_ARCH = YES;
				SDKROOT = iphoneos;
				SWIFT_ACTIVE_COMPILATION_CONDITIONS = DEBUG;
				SWIFT_OPTIMIZATION_LEVEL = "-Onone";
			};
			name = Debug;
		};
		984C264E1F7F7FC700BA16DD /* Release */ = {
			isa = XCBuildConfiguration;
			buildSettings = {
				ALWAYS_SEARCH_USER_PATHS = NO;
				CLANG_ANALYZER_NONNULL = YES;
				CLANG_ANALYZER_NUMBER_OBJECT_CONVERSION = YES_AGGRESSIVE;
				CLANG_CXX_LANGUAGE_STANDARD = "gnu++14";
				CLANG_CXX_LIBRARY = "libc++";
				CLANG_ENABLE_MODULES = YES;
				CLANG_ENABLE_OBJC_ARC = YES;
				CLANG_WARN_BLOCK_CAPTURE_AUTORELEASING = YES;
				CLANG_WARN_BOOL_CONVERSION = YES;
				CLANG_WARN_COMMA = YES;
				CLANG_WARN_CONSTANT_CONVERSION = YES;
				CLANG_WARN_DIRECT_OBJC_ISA_USAGE = YES_ERROR;
				CLANG_WARN_DOCUMENTATION_COMMENTS = YES;
				CLANG_WARN_EMPTY_BODY = YES;
				CLANG_WARN_ENUM_CONVERSION = YES;
				CLANG_WARN_INFINITE_RECURSION = YES;
				CLANG_WARN_INT_CONVERSION = YES;
				CLANG_WARN_NON_LITERAL_NULL_CONVERSION = YES;
				CLANG_WARN_OBJC_LITERAL_CONVERSION = YES;
				CLANG_WARN_OBJC_ROOT_CLASS = YES_ERROR;
				CLANG_WARN_RANGE_LOOP_ANALYSIS = YES;
				CLANG_WARN_STRICT_PROTOTYPES = YES;
				CLANG_WARN_SUSPICIOUS_MOVE = YES;
				CLANG_WARN_UNGUARDED_AVAILABILITY = YES_AGGRESSIVE;
				CLANG_WARN_UNREACHABLE_CODE = YES;
				CLANG_WARN__DUPLICATE_METHOD_MATCH = YES;
				CODE_SIGN_IDENTITY = "iPhone Developer";
				COPY_PHASE_STRIP = NO;
				DEBUG_INFORMATION_FORMAT = "dwarf-with-dsym";
				ENABLE_NS_ASSERTIONS = NO;
				ENABLE_STRICT_OBJC_MSGSEND = YES;
				GCC_C_LANGUAGE_STANDARD = gnu11;
				GCC_NO_COMMON_BLOCKS = YES;
				GCC_WARN_64_TO_32_BIT_CONVERSION = YES;
				GCC_WARN_ABOUT_RETURN_TYPE = YES_ERROR;
				GCC_WARN_UNDECLARED_SELECTOR = YES;
				GCC_WARN_UNINITIALIZED_AUTOS = YES_AGGRESSIVE;
				GCC_WARN_UNUSED_FUNCTION = YES;
				GCC_WARN_UNUSED_VARIABLE = YES;
				IPHONEOS_DEPLOYMENT_TARGET = 11.0;
				MTL_ENABLE_DEBUG_INFO = NO;
				SDKROOT = iphoneos;
				SWIFT_OPTIMIZATION_LEVEL = "-Owholemodule";
				VALIDATE_PRODUCT = YES;
			};
			name = Release;
		};
		984C26501F7F7FC700BA16DD /* Debug */ = {
			isa = XCBuildConfiguration;
			buildSettings = {
				ASSETCATALOG_COMPILER_APPICON_NAME = AppIcon;
				"CODE_SIGN_IDENTITY[sdk=iphoneos*]" = "iPhone Developer";
				CODE_SIGN_STYLE = Automatic;
				DEVELOPMENT_TEAM = 7GZ22B48MK;
				FRAMEWORK_SEARCH_PATHS = (
					"$(inherited)",
					"$(PROJECT_DIR)/simpleUIWithStoryboard",
					"$(PROJECT_DIR)/simpleUIWithStoryboardUITests",
					"$(PROJECT_DIR)/LearnoKids",
				);
				INFOPLIST_FILE = "$(SRCROOT)/LearnoKids/Info.plist";
				IPHONEOS_DEPLOYMENT_TARGET = 9.0;
				LD_RUNPATH_SEARCH_PATHS = "$(inherited) @executable_path/Frameworks";
				PRODUCT_BUNDLE_IDENTIFIER = com.shakunsun.learno;
				PRODUCT_NAME = "$(TARGET_NAME)";
				PROVISIONING_PROFILE_SPECIFIER = "";
				SWIFT_VERSION = 4.0;
				TARGETED_DEVICE_FAMILY = "1,2";
			};
			name = Debug;
		};
		984C26511F7F7FC700BA16DD /* Release */ = {
			isa = XCBuildConfiguration;
			buildSettings = {
				ASSETCATALOG_COMPILER_APPICON_NAME = AppIcon;
				"CODE_SIGN_IDENTITY[sdk=iphoneos*]" = "iPhone Developer";
				CODE_SIGN_STYLE = Automatic;
				DEVELOPMENT_TEAM = 7GZ22B48MK;
				FRAMEWORK_SEARCH_PATHS = (
					"$(inherited)",
					"$(PROJECT_DIR)/simpleUIWithStoryboard",
					"$(PROJECT_DIR)/simpleUIWithStoryboardUITests",
					"$(PROJECT_DIR)/LearnoKids",
				);
				INFOPLIST_FILE = "$(SRCROOT)/LearnoKids/Info.plist";
				IPHONEOS_DEPLOYMENT_TARGET = 9.0;
				LD_RUNPATH_SEARCH_PATHS = "$(inherited) @executable_path/Frameworks";
				PRODUCT_BUNDLE_IDENTIFIER = com.shakunsun.learno;
				PRODUCT_NAME = "$(TARGET_NAME)";
				PROVISIONING_PROFILE_SPECIFIER = "";
				SWIFT_VERSION = 4.0;
				TARGETED_DEVICE_FAMILY = "1,2";
			};
			name = Release;
		};
		984C26531F7F7FC700BA16DD /* Debug */ = {
			isa = XCBuildConfiguration;
			buildSettings = {
				ALWAYS_EMBED_SWIFT_STANDARD_LIBRARIES = YES;
				BUNDLE_LOADER = "$(TEST_HOST)";
				CODE_SIGN_STYLE = Automatic;
				DEVELOPMENT_TEAM = 7GZ22B48MK;
				INFOPLIST_FILE = simpleUIWithStoryboardTests/Info.plist;
				LD_RUNPATH_SEARCH_PATHS = "$(inherited) @executable_path/Frameworks @loader_path/Frameworks";
				PRODUCT_BUNDLE_IDENTIFIER = shakunsun.simpleUIWithStoryboardTests;
				PRODUCT_NAME = "$(TARGET_NAME)";
				SWIFT_VERSION = 4.0;
				TARGETED_DEVICE_FAMILY = "1,2";
				TEST_HOST = "$(BUILT_PRODUCTS_DIR)/LearnoKids.app/LearnoKids";
			};
			name = Debug;
		};
		984C26541F7F7FC700BA16DD /* Release */ = {
			isa = XCBuildConfiguration;
			buildSettings = {
				ALWAYS_EMBED_SWIFT_STANDARD_LIBRARIES = YES;
				BUNDLE_LOADER = "$(TEST_HOST)";
				CODE_SIGN_STYLE = Automatic;
				DEVELOPMENT_TEAM = 7GZ22B48MK;
				INFOPLIST_FILE = simpleUIWithStoryboardTests/Info.plist;
				LD_RUNPATH_SEARCH_PATHS = "$(inherited) @executable_path/Frameworks @loader_path/Frameworks";
				PRODUCT_BUNDLE_IDENTIFIER = shakunsun.simpleUIWithStoryboardTests;
				PRODUCT_NAME = "$(TARGET_NAME)";
				SWIFT_VERSION = 4.0;
				TARGETED_DEVICE_FAMILY = "1,2";
				TEST_HOST = "$(BUILT_PRODUCTS_DIR)/LearnoKids.app/LearnoKids";
			};
			name = Release;
		};
		984C26561F7F7FC700BA16DD /* Debug */ = {
			isa = XCBuildConfiguration;
			buildSettings = {
				ALWAYS_EMBED_SWIFT_STANDARD_LIBRARIES = YES;
				CODE_SIGN_STYLE = Automatic;
				DEVELOPMENT_TEAM = 6L55VQGK3Q;
				INFOPLIST_FILE = simpleUIWithStoryboardUITests/Info.plist;
				LD_RUNPATH_SEARCH_PATHS = "$(inherited) @executable_path/Frameworks @loader_path/Frameworks";
				PRODUCT_BUNDLE_IDENTIFIER = shakunsun.simpleUIWithStoryboardUITests;
				PRODUCT_NAME = "$(TARGET_NAME)";
				SWIFT_VERSION = 4.0;
				TARGETED_DEVICE_FAMILY = "1,2";
				TEST_TARGET_NAME = simpleUIWithStoryboard;
			};
			name = Debug;
		};
		984C26571F7F7FC700BA16DD /* Release */ = {
			isa = XCBuildConfiguration;
			buildSettings = {
				ALWAYS_EMBED_SWIFT_STANDARD_LIBRARIES = YES;
				CODE_SIGN_STYLE = Automatic;
				DEVELOPMENT_TEAM = 6L55VQGK3Q;
				INFOPLIST_FILE = simpleUIWithStoryboardUITests/Info.plist;
				LD_RUNPATH_SEARCH_PATHS = "$(inherited) @executable_path/Frameworks @loader_path/Frameworks";
				PRODUCT_BUNDLE_IDENTIFIER = shakunsun.simpleUIWithStoryboardUITests;
				PRODUCT_NAME = "$(TARGET_NAME)";
				SWIFT_VERSION = 4.0;
				TARGETED_DEVICE_FAMILY = "1,2";
				TEST_TARGET_NAME = simpleUIWithStoryboard;
			};
			name = Release;
		};
/* End XCBuildConfiguration section */

/* Begin XCConfigurationList section */
		4708BFF51FE42F30006F1F84 /* Build configuration list for PBXNativeTarget "LearnoKidsUITest" */ = {
			isa = XCConfigurationList;
			buildConfigurations = (
				4708BFF61FE42F30006F1F84 /* Debug */,
				4708BFF71FE42F30006F1F84 /* Release */,
			);
			defaultConfigurationIsVisible = 0;
			defaultConfigurationName = Release;
		};
		984C26221F7F7FC600BA16DD /* Build configuration list for PBXProject "LearnoKids" */ = {
			isa = XCConfigurationList;
			buildConfigurations = (
				984C264D1F7F7FC700BA16DD /* Debug */,
				984C264E1F7F7FC700BA16DD /* Release */,
			);
			defaultConfigurationIsVisible = 0;
			defaultConfigurationName = Release;
		};
		984C264F1F7F7FC700BA16DD /* Build configuration list for PBXNativeTarget "LearnoKids" */ = {
			isa = XCConfigurationList;
			buildConfigurations = (
				984C26501F7F7FC700BA16DD /* Debug */,
				984C26511F7F7FC700BA16DD /* Release */,
			);
			defaultConfigurationIsVisible = 0;
			defaultConfigurationName = Release;
		};
		984C26521F7F7FC700BA16DD /* Build configuration list for PBXNativeTarget "LearnoKidsTests" */ = {
			isa = XCConfigurationList;
			buildConfigurations = (
				984C26531F7F7FC700BA16DD /* Debug */,
				984C26541F7F7FC700BA16DD /* Release */,
			);
			defaultConfigurationIsVisible = 0;
			defaultConfigurationName = Release;
		};
		984C26551F7F7FC700BA16DD /* Build configuration list for PBXNativeTarget "LearnoKidsUITests" */ = {
			isa = XCConfigurationList;
			buildConfigurations = (
				984C26561F7F7FC700BA16DD /* Debug */,
				984C26571F7F7FC700BA16DD /* Release */,
			);
			defaultConfigurationIsVisible = 0;
			defaultConfigurationName = Release;
		};
/* End XCConfigurationList section */
	};
	rootObject = 984C261F1F7F7FC600BA16DD /* Project object */;
}
